
Microsoft Visual Studio Solution File, Format Version 12.00
# Visual Studio 14
VisualStudioVersion = 14.0.25420.1
MinimumVisualStudioVersion = 10.0.40219.1
Project("{FAE04EC0-301F-11D3-BF4B-00C04F79EFBC}") = "SerialPortTools", "SerialPortTools\SerialPortTools.csproj", "{C52F5433-21FF-4CA6-8422-9219558E7701}"
EndProject
Global
	GlobalSection(SolutionConfigurationPlatforms) = preSolution
		Debug|Any CPU = Debug|Any CPU
		Debug|x64 = Debug|x64
		Release|Any CPU = Release|Any CPU
		Release|x64 = Release|x64
	EndGlobalSection
	GlobalSection(ProjectConfigurationPlatforms) = postSolution
		{C52F5433-21FF-4CA6-8422-9219558E7701}.Debug|Any CPU.ActiveCfg = Debug|Any CPU
		{C52F5433-21FF-4CA6-8422-9219558E7701}.Debug|Any CPU.Build.0 = Debug|Any CPU
		{C52F5433-21FF-4CA6-8422-9219558E7701}.Debug|x64.ActiveCfg = Debug|x64
		{C52F5433-21FF-4CA6-8422-9219558E7701}.Debug|x64.Build.0 = Debug|x64
		{C52F5433-21FF-4CA6-8422-9219558E7701}.Debug|x64.Deploy.0 = Debug|x64
		{C52F5433-21FF-4CA6-8422-9219558E7701}.Release|Any CPU.ActiveCfg = Release|Any CPU
		{C52F5433-21FF-4CA6-8422-9219558E7701}.Release|Any CPU.Build.0 = Release|Any CPU
		{C52F5433-21FF-4CA6-8422-9219558E7701}.Release|x64.ActiveCfg = Release|x64
		{C52F5433-21FF-4CA6-8422-9219558E7701}.Release|x64.Build.0 = Release|x64
	EndGlobalSection
	GlobalSection(SolutionProperties) = preSolution
		HideSolutionNode = FALSE
	EndGlobalSection
EndGlobal
